doc_id: roll_bar_photos_and_valve_block
title: Roll bar photos and valve block
filename: Roll bar photos and valve block.pdf
source_url: https://www.benzworld.org/attachments/roll-bar-photos-and-valve-block-pdf.2765348/
pages: 3
topics:
- doors
- hydraulics
- roll_bar
- suspension
toc:
- page: 1
  heading: '- lowering the roll bar'
- page: 2
  heading: '- Solenoid controlled release, during crash deployment of roll bar the
    hydraulic cylinder rod end is'
- page: 3
  heading: '**==> picture [273 x 258] intentionally omitted <==**'
applies_to:
  years:
  - 1989
  - 2001
  chassis: all
quality: medium
