doc_id: roll_bar_valve_block
title: Roll bar valve block
filename: Roll bar valve block.pdf
source_url: https://www.benzworld.org/attachments/roll-bar-valve-block-pdf.2765349/
pages: 1
topics:
- doors
- hydraulics
- roll_bar
- suspension
toc:
- page: 1
  heading: '- lowering the roll bar'
applies_to:
  years:
  - 1989
  - 2001
  chassis: all
quality: medium
